
Microsoft Visual Studio Solution File, Format Version 12.00
# Visual Studio Version 16
VisualStudioVersion = 16.0.30503.244
MinimumVisualStudioVersion = 10.0.40219.1
Project("{FAE04EC0-301F-11D3-BF4B-00C04F79EFBC}") = "ContactManager", "ContactManager\ContactManager.csproj", "{F9150B47-26DE-46D0-BD61-6C8339E3BDEF}"
EndProject
Global
	GlobalSection(SolutionConfigurationPlatforms) = preSolution
		Debug|Any CPU = Debug|Any CPU
		Release|Any CPU = Release|Any CPU
	EndGlobalSection
	GlobalSection(ProjectConfigurationPlatforms) = postSolution
		{F9150B47-26DE-46D0-BD61-6C8339E3BDEF}.Debug|Any CPU.ActiveCfg = Debug|Any CPU
		{F9150B47-26DE-46D0-BD61-6C8339E3BDEF}.Debug|Any CPU.Build.0 = Debug|Any CPU
		{F9150B47-26DE-46D0-BD61-6C8339E3BDEF}.Release|Any CPU.ActiveCfg = Release|Any CPU
		{F9150B47-26DE-46D0-BD61-6C8339E3BDEF}.Release|Any CPU.Build.0 = Release|Any CPU
	EndGlobalSection
	GlobalSection(SolutionProperties) = preSolution
		HideSolutionNode = FALSE
	EndGlobalSection
	GlobalSection(ExtensibilityGlobals) = postSolution
		SolutionGuid = {AA667D02-6C6B-4833-93A5-8A2E2DCEE595}
	EndGlobalSection
EndGlobal
